Microsoft Visual Studio Solution File, Format Version 11.00
# Visual Studio 2008

Project("{599A22B4-95F8-C0E0-650E-72B916D02434}") = "Para_Jecripe", "Assembly-CSharp.csproj", "{ABDE8DE7-655B-BBED-3C58-87DDE4619C86}"
EndProject
Project("{599A22B4-95F8-C0E0-650E-72B916D02434}") = "Para_Jecripe", "Assembly-CSharp-Editor.csproj", "{6694C492-56C2-CA90-6BA6-7C6074ED4E39}"
EndProject
Global
	GlobalSection(SolutionConfigurationPlatforms) = preSolution
		Debug|Any CPU = Debug|Any CPU
		Release|Any CPU = Release|Any CPU
	EndGlobalSection
	GlobalSection(ProjectConfigurationPlatforms) = postSolution
		{ABDE8DE7-655B-BBED-3C58-87DDE4619C86}.Debug|Any CPU.ActiveCfg = Debug|Any CPU
		{ABDE8DE7-655B-BBED-3C58-87DDE4619C86}.Debug|Any CPU.Build.0 = Debug|Any CPU
		{ABDE8DE7-655B-BBED-3C58-87DDE4619C86}.Release|Any CPU.ActiveCfg = Release|Any CPU
		{ABDE8DE7-655B-BBED-3C58-87DDE4619C86}.Release|Any CPU.Build.0 = Release|Any CPU
		{6694C492-56C2-CA90-6BA6-7C6074ED4E39}.Debug|Any CPU.ActiveCfg = Debug|Any CPU
		{6694C492-56C2-CA90-6BA6-7C6074ED4E39}.Debug|Any CPU.Build.0 = Debug|Any CPU
		{6694C492-56C2-CA90-6BA6-7C6074ED4E39}.Release|Any CPU.ActiveCfg = Release|Any CPU
		{6694C492-56C2-CA90-6BA6-7C6074ED4E39}.Release|Any CPU.Build.0 = Release|Any CPU
	EndGlobalSection
	GlobalSection(SolutionProperties) = preSolution
		HideSolutionNode = FALSE
	EndGlobalSection
	GlobalSection(MonoDevelopProperties) = preSolution
		StartupItem = Assembly-CSharp.csproj
	EndGlobalSection
EndGlobal
