
Microsoft Visual Studio Solution File, Format Version 12.00
# Visual Studio 2015
Project("{FAE04EC0-301F-11D3-BF4B-00C04F79EFBC}") = "JecripePara.CSharp", "JecripePara.CSharp.csproj", "{7ED15E0C-8188-ADE2-A6CE-1CB4F995F637}"
EndProject
Project("{FAE04EC0-301F-11D3-BF4B-00C04F79EFBC}") = "JecripePara.CSharp.Editor", "JecripePara.CSharp.Editor.csproj", "{480F7955-A419-8CE9-0EE6-9B313D9F940B}"
EndProject
Global
	GlobalSection(SolutionConfigurationPlatforms) = preSolution
		Debug|Any CPU = Debug|Any CPU
		Release|Any CPU = Release|Any CPU
	EndGlobalSection
	GlobalSection(ProjectConfigurationPlatforms) = postSolution
		{7ED15E0C-8188-ADE2-A6CE-1CB4F995F637}.Debug|Any CPU.ActiveCfg = Debug|Any CPU
		{7ED15E0C-8188-ADE2-A6CE-1CB4F995F637}.Debug|Any CPU.Build.0 = Debug|Any CPU
		{7ED15E0C-8188-ADE2-A6CE-1CB4F995F637}.Release|Any CPU.ActiveCfg = Release|Any CPU
		{7ED15E0C-8188-ADE2-A6CE-1CB4F995F637}.Release|Any CPU.Build.0 = Release|Any CPU
		{480F7955-A419-8CE9-0EE6-9B313D9F940B}.Debug|Any CPU.ActiveCfg = Debug|Any CPU
		{480F7955-A419-8CE9-0EE6-9B313D9F940B}.Debug|Any CPU.Build.0 = Debug|Any CPU
		{480F7955-A419-8CE9-0EE6-9B313D9F940B}.Release|Any CPU.ActiveCfg = Release|Any CPU
		{480F7955-A419-8CE9-0EE6-9B313D9F940B}.Release|Any CPU.Build.0 = Release|Any CPU
	EndGlobalSection
	GlobalSection(SolutionProperties) = preSolution
		HideSolutionNode = FALSE
	EndGlobalSection
EndGlobal
