Microsoft Visual Studio Solution File, Format Version 11.00
# Visual Studio 2008

Project("{F176E8BA-BD36-79B5-C586-5EBAAB8CA6F8}") = "JecripePara", "Assembly-CSharp.csproj", "{66E9F379-997C-0C81-3FB5-A6F44C84FD8D}"
EndProject
Project("{F176E8BA-BD36-79B5-C586-5EBAAB8CA6F8}") = "JecripePara", "Assembly-CSharp-Editor.csproj", "{53BFBE50-9661-32DA-0075-B20E0E631FAF}"
EndProject
Global
	GlobalSection(SolutionConfigurationPlatforms) = preSolution
		Debug|Any CPU = Debug|Any CPU
		Release|Any CPU = Release|Any CPU
	EndGlobalSection
	GlobalSection(ProjectConfigurationPlatforms) = postSolution
		{66E9F379-997C-0C81-3FB5-A6F44C84FD8D}.Debug|Any CPU.ActiveCfg = Debug|Any CPU
		{66E9F379-997C-0C81-3FB5-A6F44C84FD8D}.Debug|Any CPU.Build.0 = Debug|Any CPU
		{66E9F379-997C-0C81-3FB5-A6F44C84FD8D}.Release|Any CPU.ActiveCfg = Release|Any CPU
		{66E9F379-997C-0C81-3FB5-A6F44C84FD8D}.Release|Any CPU.Build.0 = Release|Any CPU
		{53BFBE50-9661-32DA-0075-B20E0E631FAF}.Debug|Any CPU.ActiveCfg = Debug|Any CPU
		{53BFBE50-9661-32DA-0075-B20E0E631FAF}.Debug|Any CPU.Build.0 = Debug|Any CPU
		{53BFBE50-9661-32DA-0075-B20E0E631FAF}.Release|Any CPU.ActiveCfg = Release|Any CPU
		{53BFBE50-9661-32DA-0075-B20E0E631FAF}.Release|Any CPU.Build.0 = Release|Any CPU
	EndGlobalSection
	GlobalSection(SolutionProperties) = preSolution
		HideSolutionNode = FALSE
	EndGlobalSection
																																																																																																																																																																																																																																																																																																																																																																																																																																GlobalSection(MonoDevelopProperties) = preSolution
=======
																																																																																																																																																																																																																																																																																																																																																																																																											GlobalSection(MonoDevelopProperties) = preSolution
>>>>>>> origin/master
=======
																																																																																																																																																																																																																																																																																																																																																																							GlobalSection(MonoDevelopProperties) = preSolution
=======
<<<<<<< Updated upstream
																																																																																																																																																																																																																																																																																																																															GlobalSection(MonoDevelopProperties) = preSolution
=======
																																																																																																																																																																																																																																																																																																																						GlobalSection(MonoDevelopProperties) = preSolution
>>>>>>> Stashed changes
>>>>>>> c7909e9e2f67609c94b6d7404883f4078a28d781
=======
																																																																																																																																																																																																																																																																																																																																																																					GlobalSection(MonoDevelopProperties) = preSolution
>>>>>>> origin/master
=======
																																																																																																																																																																																																																																																																																																																						GlobalSection(MonoDevelopProperties) = preSolution
>>>>>>> Stashed changes
>>>>>>> 7f0c15069f133366c6c52be5d8205ae6ebcae715
=======
																																																																																																																																																																																																																																																																																																				GlobalSection(MonoDevelopProperties) = preSolution
>>>>>>> origin/master
=======
																																																																																																																																																																																																																																																																																			GlobalSection(MonoDevelopProperties) = preSolution
>>>>>>> d5c481bf7cfbda6ecd4ea2d2ffe2b6ca5a49a008
=======
																																																																																																																																																																																																																																																																																		GlobalSection(MonoDevelopProperties) = preSolution
>>>>>>> origin/master
=======
			GlobalSection(MonoDevelopProperties) = preSolution
>>>>>>> origin/master
=======
												GlobalSection(MonoDevelopProperties) = preSolution
<<<<<<< HEAD
>>>>>>> 20cc32f6dbee57fe3ccd62f742ce74d45f1f29a6
=======
>>>>>>> origin/master
>>>>>>> 7f0c15069f133366c6c52be5d8205ae6ebcae715
		StartupItem = Assembly-CSharp.csproj
		Policies = $0
		$0.TextStylePolicy = $1
		$1.inheritsSet = null
		$1.scope = text/x-csharp
		$0.CSharpFormattingPolicy = $2
		$2.inheritsSet = Mono
		$2.inheritsScope = text/x-csharp
		$2.scope = text/x-csharp
		$0.TextStylePolicy = $3
		$3.FileWidth = 120
		$3.TabWidth = 4
		$3.IndentWidth = 4
		$3.EolMarker = Unix
		$3.inheritsSet = Mono
		$3.inheritsScope = text/plain
		$3.scope = text/plain
	EndGlobalSection

EndGlobal
